
Microsoft Visual Studio Solution File, Format Version 12.00
# Visual Studio Version 16
VisualStudioVersion = 16.0.31624.102
MinimumVisualStudioVersion = 10.0.40219.1
Project("{FAE04EC0-301F-11D3-BF4B-00C04F79EFBC}") = "Enumeracoes", "Enumeracoes\Enumeracoes.csproj", "{ACDA41B7-0F76-4933-A3BE-E991C22DB2A0}"
EndProject
Global
	GlobalSection(SolutionConfigurationPlatforms) = preSolution
		Debug|Any CPU = Debug|Any CPU
		Release|Any CPU = Release|Any CPU
	EndGlobalSection
	GlobalSection(ProjectConfigurationPlatforms) = postSolution
		{ACDA41B7-0F76-4933-A3BE-E991C22DB2A0}.Debug|Any CPU.ActiveCfg = Debug|Any CPU
		{ACDA41B7-0F76-4933-A3BE-E991C22DB2A0}.Debug|Any CPU.Build.0 = Debug|Any CPU
		{ACDA41B7-0F76-4933-A3BE-E991C22DB2A0}.Release|Any CPU.ActiveCfg = Release|Any CPU
		{ACDA41B7-0F76-4933-A3BE-E991C22DB2A0}.Release|Any CPU.Build.0 = Release|Any CPU
	EndGlobalSection
	GlobalSection(SolutionProperties) = preSolution
		HideSolutionNode = FALSE
	EndGlobalSection
	GlobalSection(ExtensibilityGlobals) = postSolution
		SolutionGuid = {4AD5AF68-49B9-4300-827E-44F69F9EB845}
	EndGlobalSection
EndGlobal
